# This file is automatically @generated by Cargo.
# It is not intended for manual editing.
version = 4

[[package]]
name = "tukubai-core"
version = "0.1.0"

[[package]]
name = "tukubai-lcnt"
version = "0.1.0"
dependencies = [
 "tukubai-core",
]

[[package]]
name = "tukubai-self"
version = "0.1.0"
dependencies = [
 "tukubai-core",
]
